
Microsoft Visual Studio Solution File, Format Version 12.00
# Visual Studio 15
Project("{FAE04EC0-301F-11D3-BF4B-00C04F79EFBC}") = "MonoGame_Learning", "MonoGame_Learning\MonoGame_Learning.csproj", "{B3BD134B-5E02-4DC2-9999-F99205676211}"
EndProject
Global
	GlobalSection(SolutionConfigurationPlatforms) = preSolution
		Debug|Any CPU = Debug|Any CPU
		Release|Any CPU = Release|Any CPU
	EndGlobalSection
	GlobalSection(ProjectConfigurationPlatforms) = postSolution
		{B3BD134B-5E02-4DC2-9999-F99205676211}.Debug|Any CPU.ActiveCfg = Debug|Any CPU
		{B3BD134B-5E02-4DC2-9999-F99205676211}.Debug|Any CPU.Build.0 = Debug|Any CPU
		{B3BD134B-5E02-4DC2-9999-F99205676211}.Release|Any CPU.ActiveCfg = Release|Any CPU
		{B3BD134B-5E02-4DC2-9999-F99205676211}.Release|Any CPU.Build.0 = Release|Any CPU
	EndGlobalSection
EndGlobal
